
Microsoft Visual Studio Solution File, Format Version 12.00
# Visual Studio Version 17
VisualStudioVersion = 17.10.35004.147
MinimumVisualStudioVersion = 10.0.40219.1
Project("{FAE04EC0-301F-11D3-BF4B-00C04F79EFBC}") = "DapperDemoApi", "DapperDemoApi\DapperDemoApi.csproj", "{E74A9B77-966D-436C-BBF2-DE2EAE988590}"
EndProject
Project("{FAE04EC0-301F-11D3-BF4B-00C04F79EFBC}") = "DapperDemoData", "DapperDemoData\DapperDemoData.csproj", "{C9ADC18B-7708-49AF-82E6-294FB359E9A3}"
EndProject
Global
	GlobalSection(SolutionConfigurationPlatforms) = preSolution
		Debug|Any CPU = Debug|Any CPU
		Release|Any CPU = Release|Any CPU
	EndGlobalSection
	GlobalSection(ProjectConfigurationPlatforms) = postSolution
		{E74A9B77-966D-436C-BBF2-DE2EAE988590}.Debug|Any CPU.ActiveCfg = Debug|Any CPU
		{E74A9B77-966D-436C-BBF2-DE2EAE988590}.Debug|Any CPU.Build.0 = Debug|Any CPU
		{E74A9B77-966D-436C-BBF2-DE2EAE988590}.Release|Any CPU.ActiveCfg = Release|Any CPU
		{E74A9B77-966D-436C-BBF2-DE2EAE988590}.Release|Any CPU.Build.0 = Release|Any CPU
		{C9ADC18B-7708-49AF-82E6-294FB359E9A3}.Debug|Any CPU.ActiveCfg = Debug|Any CPU
		{C9ADC18B-7708-49AF-82E6-294FB359E9A3}.Debug|Any CPU.Build.0 = Debug|Any CPU
		{C9ADC18B-7708-49AF-82E6-294FB359E9A3}.Release|Any CPU.ActiveCfg = Release|Any CPU
		{C9ADC18B-7708-49AF-82E6-294FB359E9A3}.Release|Any CPU.Build.0 = Release|Any CPU
	EndGlobalSection
	GlobalSection(SolutionProperties) = preSolution
		HideSolutionNode = FALSE
	EndGlobalSection
	GlobalSection(ExtensibilityGlobals) = postSolution
		SolutionGuid = {1AD4C918-E392-43BD-BAC9-524E7B8433B8}
	EndGlobalSection
EndGlobal
